
Microsoft Visual Studio Solution File, Format Version 12.00
# Visual Studio Version 17
VisualStudioVersion = 17.7.34221.43
MinimumVisualStudioVersion = 10.0.40219.1
Project("{9A19103F-16F7-4668-BE54-9A1E7A4F7556}") = "BlackCookie", "BlackCookie\BlackCookie.csproj", "{1516574E-194A-4B46-90BF-8775551908C4}"
EndProject
Project("{2150E333-8FDC-42A3-9474-1A3956D46DE8}") = "sound", "sound", "{6EDDA029-DEC4-4461-8492-3CB23E1533FE}"
	ProjectSection(SolutionItems) = preProject
		..\..\Downloads\bathitball.wav = ..\..\Downloads\bathitball.wav
		..\..\Downloads\crack_the_whip.wav = ..\..\Downloads\crack_the_whip.wav
		..\..\Downloads\sound\despacito-guitar-riff.wav = ..\..\Downloads\sound\despacito-guitar-riff.wav
		..\..\Downloads\sound\new-movie-1.wav = ..\..\Downloads\sound\new-movie-1.wav
		..\..\Downloads\punch_u4LmMsr.wav = ..\..\Downloads\punch_u4LmMsr.wav
		..\..\Downloads\sound\slap-sound-effect-free.wav = ..\..\Downloads\sound\slap-sound-effect-free.wav
		..\..\Downloads\_ben-voyons_-eric-zemmour.mp3 = ..\..\Downloads\_ben-voyons_-eric-zemmour.mp3
	EndProjectSection
EndProject
Global
	GlobalSection(SolutionConfigurationPlatforms) = preSolution
		Debug|Any CPU = Debug|Any CPU
		Release|Any CPU = Release|Any CPU
	EndGlobalSection
	GlobalSection(ProjectConfigurationPlatforms) = postSolution
		{1516574E-194A-4B46-90BF-8775551908C4}.Debug|Any CPU.ActiveCfg = Debug|Any CPU
		{1516574E-194A-4B46-90BF-8775551908C4}.Debug|Any CPU.Build.0 = Debug|Any CPU
		{1516574E-194A-4B46-90BF-8775551908C4}.Release|Any CPU.ActiveCfg = Release|Any CPU
		{1516574E-194A-4B46-90BF-8775551908C4}.Release|Any CPU.Build.0 = Release|Any CPU
	EndGlobalSection
	GlobalSection(SolutionProperties) = preSolution
		HideSolutionNode = FALSE
	EndGlobalSection
	GlobalSection(ExtensibilityGlobals) = postSolution
		SolutionGuid = {89CE6208-1955-4489-BC82-D48B9BF2807D}
	EndGlobalSection
EndGlobal
